
Microsoft Visual Studio Solution File, Format Version 12.00
# Visual Studio Version 17
VisualStudioVersion = 17.1.32421.90
MinimumVisualStudioVersion = 10.0.40219.1
Project("{8BC9CEB8-8B4A-11D0-8D11-00A0C91BC942}") = "Rusty-Core", "Rusty-Core\Rusty-Core.vcxproj", "{F5B3DF27-077A-410A-B923-DE71063647A8}"
EndProject
Global
	GlobalSection(SolutionConfigurationPlatforms) = preSolution
		Debug|x64 = Debug|x64
		Debug|x86 = Debug|x86
		Release|x64 = Release|x64
		Release|x86 = Release|x86
	EndGlobalSection
	GlobalSection(ProjectConfigurationPlatforms) = postSolution
		{F5B3DF27-077A-410A-B923-DE71063647A8}.Debug|x64.ActiveCfg = Debug|x64
		{F5B3DF27-077A-410A-B923-DE71063647A8}.Debug|x64.Build.0 = Debug|x64
		{F5B3DF27-077A-410A-B923-DE71063647A8}.Debug|x86.ActiveCfg = Debug|Win32
		{F5B3DF27-077A-410A-B923-DE71063647A8}.Debug|x86.Build.0 = Debug|Win32
		{F5B3DF27-077A-410A-B923-DE71063647A8}.Release|x64.ActiveCfg = Release|x64
		{F5B3DF27-077A-410A-B923-DE71063647A8}.Release|x64.Build.0 = Release|x64
		{F5B3DF27-077A-410A-B923-DE71063647A8}.Release|x86.ActiveCfg = Release|Win32
		{F5B3DF27-077A-410A-B923-DE71063647A8}.Release|x86.Build.0 = Release|Win32
	EndGlobalSection
	GlobalSection(SolutionProperties) = preSolution
		HideSolutionNode = FALSE
	EndGlobalSection
	GlobalSection(ExtensibilityGlobals) = postSolution
		SolutionGuid = {07570827-9F9F-4D76-B5A7-3B4A2A5AF4D1}
	EndGlobalSection
EndGlobal
